
Microsoft Visual Studio Solution File, Format Version 12.00
Project("{FAE04EC0-301F-11D3-BF4B-00C04F79EFBC}") = "WPFSamples", "WPFSamples\WPFSamples.csproj", "{7B896A56-8A80-4620-A81E-AD220EBD6DB1}"
EndProject
Global
	GlobalSection(SolutionConfigurationPlatforms) = preSolution
		Debug|Any CPU = Debug|Any CPU
		Release|Any CPU = Release|Any CPU
	EndGlobalSection
	GlobalSection(ProjectConfigurationPlatforms) = postSolution
		{7B896A56-8A80-4620-A81E-AD220EBD6DB1}.Debug|Any CPU.ActiveCfg = Debug|Any CPU
		{7B896A56-8A80-4620-A81E-AD220EBD6DB1}.Debug|Any CPU.Build.0 = Debug|Any CPU
		{7B896A56-8A80-4620-A81E-AD220EBD6DB1}.Release|Any CPU.ActiveCfg = Release|Any CPU
		{7B896A56-8A80-4620-A81E-AD220EBD6DB1}.Release|Any CPU.Build.0 = Release|Any CPU
	EndGlobalSection
EndGlobal
